github.com/veandco/go-sdl2 v0.4.33 h1:cxQ0OdUBEByHxvCyrGxy9F8WpL38Ya6hzV4n27QL84M=
github.com/veandco/go-sdl2 v0.4.33/go.mod h1:OROqMhHD43nT4/i9crJukyVecjPNYYuCofep6SNiAjY=
gonum.org/v1/gonum v0.12.0 h1:xKuo6hzt+gMav00meVPUlXwSdoEJP46BR+wdxQEFK2o=
gonum.org/v1/gonum v0.12.0/go.mod h1:73TDxJfAAHeA8Mk9mf8NlIppyhQNo5GLTcYeqgo2lvY=
